// !$*UTF8*$!
{
	archiveVersion = 1;
	classes = {
	};
	objectVersion = 46;
	objects = {

/* Begin PBXBuildFile section */
		230D39EC1F2F666B0084F562 /* SSDcRouter.m in Sources */ = {isa = PBXBuildFile; fileRef = 230D39EB1F2F666B0084F562 /* SSDcRouter.m */; };
		230D39F21F2F66B50084F562 /* SSRouterObject.m in Sources */ = {isa = PBXBuildFile; fileRef = 230D39F11F2F66B50084F562 /* SSRouterObject.m */; };
		230D39F51F2F66D40084F562 /* UIViewController+SSRouter.m in Sources */ = {isa = PBXBuildFile; fileRef = 230D39F41F2F66D40084F562 /* UIViewController+SSRouter.m */; };
		230D39F71F2F671B0084F562 /* SSRouter.plist in Resources */ = {isa = PBXBuildFile; fileRef = 230D39F61F2F671B0084F562 /* SSRouter.plist */; };
		239CE56A1F31738B008F5871 /* ListPage.m in Sources */ = {isa = PBXBuildFile; fileRef = 239CE5691F31738B008F5871 /* ListPage.m */; };
		23FB17A61F2F08920026EBB6 /* main.m in Sources */ = {isa = PBXBuildFile; fileRef = 23FB17A51F2F08920026EBB6 /* main.m */; };
		23FB17A91F2F08920026EBB6 /* AppDelegate.m in Sources */ = {isa = PBXBuildFile; fileRef = 23FB17A81F2F08920026EBB6 /* AppDelegate.m */; };
		23FB17AC1F2F08920026EBB6 /* ViewController.m in Sources */ = {isa = PBXBuildFile; fileRef = 23FB17AB1F2F08920026EBB6 /* ViewController.m */; };
		23FB17B11F2F08920026EBB6 /* Assets.xcassets in Resources */ = {isa = PBXBuildFile; fileRef = 23FB17B01F2F08920026EBB6 /* Assets.xcassets */; };
		23FB17B41F2F08920026EBB6 /* LaunchScreen.storyboard in Resources */ = {isa = PBXBuildFile; fileRef = 23FB17B21F2F08920026EBB6 /* LaunchScreen.storyboard */; };
		23FB17BD1F2F08CB0026EBB6 /* DetailPage.m in Sources */ = {isa = PBXBuildFile; fileRef = 23FB17BC1F2F08CB0026EBB6 /* DetailPage.m */; };
		23FB17C51F2F12D20026EBB6 /* SSRouter.m in Sources */ = {isa = PBXBuildFile; fileRef = 23FB17C41F2F12D20026EBB6 /* SSRouter.m */; };
/* End PBXBuildFile section */

/* Begin PBXFileReference section */
		230D39EA1F2F666B0084F562 /* SSDcRouter.h */ = {isa = PBXFileReference; fileEncoding = 4; lastKnownFileType = sourcecode.c.h; path = SSDcRouter.h; sourceTree = "<group>"; };
		230D39EB1F2F666B0084F562 /* SSDcRouter.m */ = {isa = PBXFileReference; fileEncoding = 4; lastKnownFileType = sourcecode.c.objc; path = SSDcRouter.m; sourceTree = "<group>"; };
		230D39F01F2F66B50084F562 /* SSRouterObject.h */ = {isa = PBXFileReference; fileEncoding = 4; lastKnownFileType = sourcecode.c.h; path = SSRouterObject.h; sourceTree = "<group>"; };
		230D39F11F2F66B50084F562 /* SSRouterObject.m */ = {isa = PBXFileReference; fileEncoding = 4; lastKnownFileType = sourcecode.c.objc; path = SSRouterObject.m; sourceTree = "<group>"; };
		230D39F31F2F66D40084F562 /* UIViewController+SSRouter.h */ = {isa = PBXFileReference; fileEncoding = 4; lastKnownFileType = sourcecode.c.h; path = "UIViewController+SSRouter.h"; sourceTree = "<group>"; };
		230D39F41F2F66D40084F562 /* UIViewController+SSRouter.m */ = {isa = PBXFileReference; fileEncoding = 4; lastKnownFileType = sourcecode.c.objc; path = "UIViewController+SSRouter.m"; sourceTree = "<group>"; };
		230D39F61F2F671B0084F562 /* SSRouter.plist */ = {isa = PBXFileReference; fileEncoding = 4; lastKnownFileType = text.plist.xml; path = SSRouter.plist; sourceTree = "<group>"; };
		230D39F81F3017450084F562 /* SSRouteConstant.h */ = {isa = PBXFileReference; lastKnownFileType = sourcecode.c.h; path = SSRouteConstant.h; sourceTree = "<group>"; };
		239CE5681F31738B008F5871 /* ListPage.h */ = {isa = PBXFileReference; fileEncoding = 4; lastKnownFileType = sourcecode.c.h; path = ListPage.h; sourceTree = "<group>"; };
		239CE5691F31738B008F5871 /* ListPage.m */ = {isa = PBXFileReference; fileEncoding = 4; lastKnownFileType = sourcecode.c.objc; path = ListPage.m; sourceTree = "<group>"; };
		23FB17A11F2F08920026EBB6 /* SSRoute.app */ = {isa = PBXFileReference; explicitFileType = wrapper.application; includeInIndex = 0; path = SSRoute.app; sourceTree = BUILT_PRODUCTS_DIR; };
		23FB17A51F2F08920026EBB6 /* main.m */ = {isa = PBXFileReference; lastKnownFileType = sourcecode.c.objc; path = main.m; sourceTree = "<group>"; };
		23FB17A71F2F08920026EBB6 /* AppDelegate.h */ = {isa = PBXFileReference; lastKnownFileType = sourcecode.c.h; path = AppDelegate.h; sourceTree = "<group>"; };
		23FB17A81F2F08920026EBB6 /* AppDelegate.m */ = {isa = PBXFileReference; lastKnownFileType = sourcecode.c.objc; path = AppDelegate.m; sourceTree = "<group>"; };
		23FB17AA1F2F08920026EBB6 /* ViewController.h */ = {isa = PBXFileReference; lastKnownFileType = sourcecode.c.h; path = ViewController.h; sourceTree = "<group>"; };
		23FB17AB1F2F08920026EBB6 /* ViewController.m */ = {isa = PBXFileReference; lastKnownFileType = sourcecode.c.objc; path = ViewController.m; sourceTree = "<group>"; };
		23FB17B01F2F08920026EBB6 /* Assets.xcassets */ = {isa = PBXFileReference; lastKnownFileType = folder.assetcatalog; path = Assets.xcassets; sourceTree = "<group>"; };
		23FB17B31F2F08920026EBB6 /* Base */ = {isa = PBXFileReference; lastKnownFileType = file.storyboard; name = Base; path = Base.lproj/LaunchScreen.storyboard; sourceTree = "<group>"; };
		23FB17B51F2F08920026EBB6 /* Info.plist */ = {isa = PBXFileReference; lastKnownFileType = text.plist.xml; path = Info.plist; sourceTree = "<group>"; };
		23FB17BB1F2F08CB0026EBB6 /* DetailPage.h */ = {isa = PBXFileReference; fileEncoding = 4; lastKnownFileType = sourcecode.c.h; path = DetailPage.h; sourceTree = "<group>"; };
		23FB17BC1F2F08CB0026EBB6 /* DetailPage.m */ = {isa = PBXFileReference; fileEncoding = 4; lastKnownFileType = sourcecode.c.objc; path = DetailPage.m; sourceTree = "<group>"; };
		23FB17C31F2F12D20026EBB6 /* SSRouter.h */ = {isa = PBXFileReference; fileEncoding = 4; lastKnownFileType = sourcecode.c.h; path = SSRouter.h; sourceTree = "<group>"; };
		23FB17C41F2F12D20026EBB6 /* SSRouter.m */ = {isa = PBXFileReference; fileEncoding = 4; lastKnownFileType = sourcecode.c.objc; path = SSRouter.m; sourceTree = "<group>"; };
/* End PBXFileReference section */

/* Begin PBXFrameworksBuildPhase section */
		23FB179E1F2F08920026EBB6 /* Frameworks */ = {
			isa = PBXFrameworksBuildPhase;
			buildActionMask = 2147483647;
			files = (
			);
			runOnlyForDeploymentPostprocessing = 0;
		};
/* End PBXFrameworksBuildPhase section */

/* Begin PBXGroup section */
		230D39E91F2F66590084F562 /* SSDcRouter */ = {
			isa = PBXGroup;
			children = (
				230D39F81F3017450084F562 /* SSRouteConstant.h */,
				230D39EA1F2F666B0084F562 /* SSDcRouter.h */,
				230D39EB1F2F666B0084F562 /* SSDcRouter.m */,
				230D39F01F2F66B50084F562 /* SSRouterObject.h */,
				230D39F11F2F66B50084F562 /* SSRouterObject.m */,
				230D39F31F2F66D40084F562 /* UIViewController+SSRouter.h */,
				230D39F41F2F66D40084F562 /* UIViewController+SSRouter.m */,
				230D39F61F2F671B0084F562 /* SSRouter.plist */,
			);
			path = SSDcRouter;
			sourceTree = "<group>";
		};
		23FB17981F2F08920026EBB6 = {
			isa = PBXGroup;
			children = (
				23FB17A31F2F08920026EBB6 /* SSRoute */,
				23FB17A21F2F08920026EBB6 /* Products */,
			);
			sourceTree = "<group>";
		};
		23FB17A21F2F08920026EBB6 /* Products */ = {
			isa = PBXGroup;
			children = (
				23FB17A11F2F08920026EBB6 /* SSRoute.app */,
			);
			name = Products;
			sourceTree = "<group>";
		};
		23FB17A31F2F08920026EBB6 /* SSRoute */ = {
			isa = PBXGroup;
			children = (
				230D39E91F2F66590084F562 /* SSDcRouter */,
				23FB17C21F2F12C90026EBB6 /* SSRouter */,
				23FB17A71F2F08920026EBB6 /* AppDelegate.h */,
				23FB17A81F2F08920026EBB6 /* AppDelegate.m */,
				23FB17AA1F2F08920026EBB6 /* ViewController.h */,
				23FB17AB1F2F08920026EBB6 /* ViewController.m */,
				23FB17BB1F2F08CB0026EBB6 /* DetailPage.h */,
				23FB17BC1F2F08CB0026EBB6 /* DetailPage.m */,
				239CE5681F31738B008F5871 /* ListPage.h */,
				239CE5691F31738B008F5871 /* ListPage.m */,
				23FB17B01F2F08920026EBB6 /* Assets.xcassets */,
				23FB17B21F2F08920026EBB6 /* LaunchScreen.storyboard */,
				23FB17B51F2F08920026EBB6 /* Info.plist */,
				23FB17A41F2F08920026EBB6 /* Supporting Files */,
			);
			path = SSRoute;
			sourceTree = "<group>";
		};
		23FB17A41F2F08920026EBB6 /* Supporting Files */ = {
			isa = PBXGroup;
			children = (
				23FB17A51F2F08920026EBB6 /* main.m */,
			);
			name = "Supporting Files";
			sourceTree = "<group>";
		};
		23FB17C21F2F12C90026EBB6 /* SSRouter */ = {
			isa = PBXGroup;
			children = (
				23FB17C31F2F12D20026EBB6 /* SSRouter.h */,
				23FB17C41F2F12D20026EBB6 /* SSRouter.m */,
			);
			path = SSRouter;
			sourceTree = "<group>";
		};
/* End PBXGroup section */

/* Begin PBXNativeTarget section */
		23FB17A01F2F08920026EBB6 /* SSRoute */ = {
			isa = PBXNativeTarget;
			buildConfigurationList = 23FB17B81F2F08920026EBB6 /* Build configuration list for PBXNativeTarget "SSRoute" */;
			buildPhases = (
				23FB179D1F2F08920026EBB6 /* Sources */,
				23FB179E1F2F08920026EBB6 /* Frameworks */,
				23FB179F1F2F08920026EBB6 /* Resources */,
			);
			buildRules = (
			);
			dependencies = (
			);
			name = SSRoute;
			productName = SSRoute;
			productReference = 23FB17A11F2F08920026EBB6 /* SSRoute.app */;
			productType = "com.apple.product-type.application";
		};
/* End PBXNativeTarget section */

/* Begin PBXProject section */
		23FB17991F2F08920026EBB6 /* Project object */ = {
			isa = PBXProject;
			attributes = {
				LastUpgradeCheck = 0830;
				ORGANIZATIONNAME = treee;
				TargetAttributes = {
					23FB17A01F2F08920026EBB6 = {
						CreatedOnToolsVersion = 8.3;
						DevelopmentTeam = GCH427SJ2F;
						ProvisioningStyle = Automatic;
					};
				};
			};
			buildConfigurationList = 23FB179C1F2F08920026EBB6 /* Build configuration list for PBXProject "SSRoute" */;
			compatibilityVersion = "Xcode 3.2";
			developmentRegion = English;
			hasScannedForEncodings = 0;
			knownRegions = (
				en,
				Base,
			);
			mainGroup = 23FB17981F2F08920026EBB6;
			productRefGroup = 23FB17A21F2F08920026EBB6 /* Products */;
			projectDirPath = "";
			projectRoot = "";
			targets = (
				23FB17A01F2F08920026EBB6 /* SSRoute */,
			);
		};
/* End PBXProject section */

/* Begin PBXResourcesBuildPhase section */
		23FB179F1F2F08920026EBB6 /* Resources */ = {
			isa = PBXResourcesBuildPhase;
			buildActionMask = 2147483647;
			files = (
				23FB17B41F2F08920026EBB6 /* LaunchScreen.storyboard in Resources */,
				230D39F71F2F671B0084F562 /* SSRouter.plist in Resources */,
				23FB17B11F2F08920026EBB6 /* Assets.xcassets in Resources */,
			);
			runOnlyForDeploymentPostprocessing = 0;
		};
/* End PBXResourcesBuildPhase section */

/* Begin PBXSourcesBuildPhase section */
		23FB179D1F2F08920026EBB6 /* Sources */ = {
			isa = PBXSourcesBuildPhase;
			buildActionMask = 2147483647;
			files = (
				23FB17AC1F2F08920026EBB6 /* ViewController.m in Sources */,
				23FB17A91F2F08920026EBB6 /* AppDelegate.m in Sources */,
				23FB17A61F2F08920026EBB6 /* main.m in Sources */,
				230D39EC1F2F666B0084F562 /* SSDcRouter.m in Sources */,
				230D39F21F2F66B50084F562 /* SSRouterObject.m in Sources */,
				239CE56A1F31738B008F5871 /* ListPage.m in Sources */,
				230D39F51F2F66D40084F562 /* UIViewController+SSRouter.m in Sources */,
				23FB17BD1F2F08CB0026EBB6 /* DetailPage.m in Sources */,
				23FB17C51F2F12D20026EBB6 /* SSRouter.m in Sources */,
			);
			runOnlyForDeploymentPostprocessing = 0;
		};
/* End PBXSourcesBuildPhase section */

/* Begin PBXVariantGroup section */
		23FB17B21F2F08920026EBB6 /* LaunchScreen.storyboard */ = {
			isa = PBXVariantGroup;
			children = (
				23FB17B31F2F08920026EBB6 /* Base */,
			);
			name = LaunchScreen.storyboard;
			sourceTree = "<group>";
		};
/* End PBXVariantGroup section */

/* Begin XCBuildConfiguration section */
		23FB17B61F2F08920026EBB6 /* Debug */ = {
			isa = XCBuildConfiguration;
			buildSettings = {
				ALWAYS_SEARCH_USER_PATHS = NO;
				CLANG_ANALYZER_NONNULL = YES;
				CLANG_ANALYZER_NUMBER_OBJECT_CONVERSION = YES_AGGRESSIVE;
				CLANG_CXX_LANGUAGE_STANDARD = "gnu++0x";
				CLANG_CXX_LIBRARY = "libc++";
				CLANG_ENABLE_MODULES = YES;
				CLANG_ENABLE_OBJC_ARC = YES;
				CLANG_WARN_BOOL_CONVERSION = YES;
				CLANG_WARN_CONSTANT_CONVERSION = YES;
				CLANG_WARN_DIRECT_OBJC_ISA_USAGE = YES_ERROR;
				CLANG_WARN_DOCUMENTATION_COMMENTS = YES;
				CLANG_WARN_EMPTY_BODY = YES;
				CLANG_WARN_ENUM_CONVERSION = YES;
				CLANG_WARN_INFINITE_RECURSION = YES;
				CLANG_WARN_INT_CONVERSION = YES;
				CLANG_WARN_OBJC_ROOT_CLASS = YES_ERROR;
				CLANG_WARN_SUSPICIOUS_MOVE = YES;
				CLANG_WARN_UNREACHABLE_CODE = YES;
				CLANG_WARN__DUPLICATE_METHOD_MATCH = YES;
				"CODE_SIGN_IDENTITY[sdk=iphoneos*]" = "iPhone Developer";
				COPY_PHASE_STRIP = NO;
				DEBUG_INFORMATION_FORMAT = dwarf;
				ENABLE_STRICT_OBJC_MSGSEND = YES;
				ENABLE_TESTABILITY = YES;
				GCC_C_LANGUAGE_STANDARD = gnu99;
				GCC_DYNAMIC_NO_PIC = NO;
				GCC_NO_COMMON_BLOCKS = YES;
				GCC_OPTIMIZATION_LEVEL = 0;
				GCC_PREPROCESSOR_DEFINITIONS = (
					"DEBUG=1",
					"$(inherited)",
				);
				GCC_WARN_64_TO_32_BIT_CONVERSION = YES;
				GCC_WARN_ABOUT_RETURN_TYPE = YES_ERROR;
				GCC_WARN_UNDECLARED_SELECTOR = YES;
				GCC_WARN_UNINITIALIZED_AUTOS = YES_AGGRESSIVE;
				GCC_WARN_UNUSED_FUNCTION = YES;
				GCC_WARN_UNUSED_VARIABLE = YES;
				IPHONEOS_DEPLOYMENT_TARGET = 8.1;
				MTL_ENABLE_DEBUG_INFO = YES;
				ONLY_ACTIVE_ARCH = YES;
				SDKROOT = iphoneos;
			};
			name = Debug;
		};
		23FB17B71F2F08920026EBB6 /* Release */ = {
			isa = XCBuildConfiguration;
			buildSettings = {
				ALWAYS_SEARCH_USER_PATHS = NO;
				CLANG_ANALYZER_NONNULL = YES;
				CLANG_ANALYZER_NUMBER_OBJECT_CONVERSION = YES_AGGRESSIVE;
				CLANG_CXX_LANGUAGE_STANDARD = "gnu++0x";
				CLANG_CXX_LIBRARY = "libc++";
				CLANG_ENABLE_MODULES = YES;
				CLANG_ENABLE_OBJC_ARC = YES;
				CLANG_WARN_BOOL_CONVERSION = YES;
				CLANG_WARN_CONSTANT_CONVERSION = YES;
				CLANG_WARN_DIRECT_OBJC_ISA_USAGE = YES_ERROR;
				CLANG_WARN_DOCUMENTATION_COMMENTS = YES;
				CLANG_WARN_EMPTY_BODY = YES;
				CLANG_WARN_ENUM_CONVERSION = YES;
				CLANG_WARN_INFINITE_RECURSION = YES;
				CLANG_WARN_INT_CONVERSION = YES;
				CLANG_WARN_OBJC_ROOT_CLASS = YES_ERROR;
				CLANG_WARN_SUSPICIOUS_MOVE = YES;
				CLANG_WARN_UNREACHABLE_CODE = YES;
				CLANG_WARN__DUPLICATE_METHOD_MATCH = YES;
				"CODE_SIGN_IDENTITY[sdk=iphoneos*]" = "iPhone Developer";
				COPY_PHASE_STRIP = NO;
				DEBUG_INFORMATION_FORMAT = "dwarf-with-dsym";
				ENABLE_NS_ASSERTIONS = NO;
				ENABLE_STRICT_OBJC_MSGSEND = YES;
				GCC_C_LANGUAGE_STANDARD = gnu99;
				GCC_NO_COMMON_BLOCKS = YES;
				GCC_WARN_64_TO_32_BIT_CONVERSION = YES;
				GCC_WARN_ABOUT_RETURN_TYPE = YES_ERROR;
				GCC_WARN_UNDECLARED_SELECTOR = YES;
				GCC_WARN_UNINITIALIZED_AUTOS = YES_AGGRESSIVE;
				GCC_WARN_UNUSED_FUNCTION = YES;
				GCC_WARN_UNUSED_VARIABLE = YES;
				IPHONEOS_DEPLOYMENT_TARGET = 8.1;
				MTL_ENABLE_DEBUG_INFO = NO;
				SDKROOT = iphoneos;
				VALIDATE_PRODUCT = YES;
			};
			name = Release;
		};
		23FB17B91F2F08920026EBB6 /* Debug */ = {
			isa = XCBuildConfiguration;
			buildSettings = {
				ASSETCATALOG_COMPILER_APPICON_NAME = AppIcon;
				DEVELOPMENT_TEAM = GCH427SJ2F;
				INFOPLIST_FILE = SSRoute/Info.plist;
				IPHONEOS_DEPLOYMENT_TARGET = 8.1;
				LD_RUNPATH_SEARCH_PATHS = "$(inherited) @executable_path/Frameworks";
				PRODUCT_BUNDLE_IDENTIFIER = com.treee.SSRoute;
				PRODUCT_NAME = "$(TARGET_NAME)";
			};
			name = Debug;
		};
		23FB17BA1F2F08920026EBB6 /* Release */ = {
			isa = XCBuildConfiguration;
			buildSettings = {
				ASSETCATALOG_COMPILER_APPICON_NAME = AppIcon;
				DEVELOPMENT_TEAM = GCH427SJ2F;
				INFOPLIST_FILE = SSRoute/Info.plist;
				IPHONEOS_DEPLOYMENT_TARGET = 8.1;
				LD_RUNPATH_SEARCH_PATHS = "$(inherited) @executable_path/Frameworks";
				PRODUCT_BUNDLE_IDENTIFIER = com.treee.SSRoute;
				PRODUCT_NAME = "$(TARGET_NAME)";
			};
			name = Release;
		};
/* End XCBuildConfiguration section */

/* Begin XCConfigurationList section */
		23FB179C1F2F08920026EBB6 /* Build configuration list for PBXProject "SSRoute" */ = {
			isa = XCConfigurationList;
			buildConfigurations = (
				23FB17B61F2F08920026EBB6 /* Debug */,
				23FB17B71F2F08920026EBB6 /* Release */,
			);
			defaultConfigurationIsVisible = 0;
			defaultConfigurationName = Release;
		};
		23FB17B81F2F08920026EBB6 /* Build configuration list for PBXNativeTarget "SSRoute" */ = {
			isa = XCConfigurationList;
			buildConfigurations = (
				23FB17B91F2F08920026EBB6 /* Debug */,
				23FB17BA1F2F08920026EBB6 /* Release */,
			);
			defaultConfigurationIsVisible = 0;
			defaultConfigurationName = Release;
		};
/* End XCConfigurationList section */
	};
	rootObject = 23FB17991F2F08920026EBB6 /* Project object */;
}
