// !$*UTF8*$!
{
	archiveVersion = 1;
	classes = {
	};
	objectVersion = 46;
	objects = {

/* Begin PBXBuildFile section */
		2313A3D41ECC3ECF00298EB7 /* Assets.xcassets in Resources */ = {isa = PBXBuildFile; fileRef = 2313A3D31ECC3ECF00298EB7 /* Assets.xcassets */; };
		233B81252078B555001517F0 /* PD_AttributeString.swift in Sources */ = {isa = PBXBuildFile; fileRef = 233B81242078B555001517F0 /* PD_AttributeString.swift */; };
		233B812A2078E4DE001517F0 /* ThemeColorPool.swift in Sources */ = {isa = PBXBuildFile; fileRef = 233B81292078E4DE001517F0 /* ThemeColorPool.swift */; };
		233B812C2078EA1C001517F0 /* PD_LayoutScale.swift in Sources */ = {isa = PBXBuildFile; fileRef = 233B812B2078EA1C001517F0 /* PD_LayoutScale.swift */; };
		233B812F2078F4AC001517F0 /* PaymentPage.swift in Sources */ = {isa = PBXBuildFile; fileRef = 233B812E2078F4AC001517F0 /* PaymentPage.swift */; };
		233B81332078F54A001517F0 /* PaymentTool.swift in Sources */ = {isa = PBXBuildFile; fileRef = 233B81322078F54A001517F0 /* PaymentTool.swift */; };
		234BB263206E363D00DDF411 /* RouterTest.swift in Sources */ = {isa = PBXBuildFile; fileRef = 234BB212206E363D00DDF411 /* RouterTest.swift */; };
		234BB264206E363D00DDF411 /* RouterMap.plist in Resources */ = {isa = PBXBuildFile; fileRef = 234BB213206E363D00DDF411 /* RouterMap.plist */; };
		234BB265206E363D00DDF411 /* Trie.swift in Sources */ = {isa = PBXBuildFile; fileRef = 234BB215206E363D00DDF411 /* Trie.swift */; };
		234BB266206E363D00DDF411 /* RouterManager.swift in Sources */ = {isa = PBXBuildFile; fileRef = 234BB216206E363D00DDF411 /* RouterManager.swift */; };
		234BB267206E363D00DDF411 /* module.plist in Resources */ = {isa = PBXBuildFile; fileRef = 234BB218206E363D00DDF411 /* module.plist */; };
		234BB268206E363D00DDF411 /* ModuleManager.swift in Sources */ = {isa = PBXBuildFile; fileRef = 234BB219206E363D00DDF411 /* ModuleManager.swift */; };
		234BB269206E363D00DDF411 /* ModuleProtocols.swift in Sources */ = {isa = PBXBuildFile; fileRef = 234BB21A206E363D00DDF411 /* ModuleProtocols.swift */; };
		234BB26A206E363D00DDF411 /* BaseRequest.swift in Sources */ = {isa = PBXBuildFile; fileRef = 234BB21C206E363D00DDF411 /* BaseRequest.swift */; };
		234BB26B206E363D00DDF411 /* ReuqestCtrl.swift in Sources */ = {isa = PBXBuildFile; fileRef = 234BB21D206E363D00DDF411 /* ReuqestCtrl.swift */; };
		234BB26C206E363D00DDF411 /* PD_TableView.swift in Sources */ = {isa = PBXBuildFile; fileRef = 234BB21F206E363D00DDF411 /* PD_TableView.swift */; };
		234BB26D206E363D00DDF411 /* PD_Style.swift in Sources */ = {isa = PBXBuildFile; fileRef = 234BB220206E363D00DDF411 /* PD_Style.swift */; };
		234BB26E206E363D00DDF411 /* PD_Dictionary.swift in Sources */ = {isa = PBXBuildFile; fileRef = 234BB221206E363D00DDF411 /* PD_Dictionary.swift */; };
		234BB26F206E363D00DDF411 /* PD_Button.swift in Sources */ = {isa = PBXBuildFile; fileRef = 234BB222206E363D00DDF411 /* PD_Button.swift */; };
		234BB270206E363D00DDF411 /* PandaNavigationController.swift in Sources */ = {isa = PBXBuildFile; fileRef = 234BB223206E363D00DDF411 /* PandaNavigationController.swift */; };
		234BB271206E363D00DDF411 /* PD_Kingfresh.swift in Sources */ = {isa = PBXBuildFile; fileRef = 234BB224206E363D00DDF411 /* PD_Kingfresh.swift */; };
		234BB272206E363D00DDF411 /* MinePage.swift in Sources */ = {isa = PBXBuildFile; fileRef = 234BB227206E363D00DDF411 /* MinePage.swift */; };
		234BB273206E363D00DDF411 /* ShoppingCartPage.swift in Sources */ = {isa = PBXBuildFile; fileRef = 234BB229206E363D00DDF411 /* ShoppingCartPage.swift */; };
		234BB274206E363D00DDF411 /* HomePage.swift in Sources */ = {isa = PBXBuildFile; fileRef = 234BB22B206E363D00DDF411 /* HomePage.swift */; };
		234BB275206E363D00DDF411 /* NewFeaturePage.swift in Sources */ = {isa = PBXBuildFile; fileRef = 234BB22D206E363D00DDF411 /* NewFeaturePage.swift */; };
		234BB276206E363D00DDF411 /* SettingPage.swift in Sources */ = {isa = PBXBuildFile; fileRef = 234BB22F206E363D00DDF411 /* SettingPage.swift */; };
		234BB277206E363D00DDF411 /* IndustryPage.swift in Sources */ = {isa = PBXBuildFile; fileRef = 234BB231206E363D00DDF411 /* IndustryPage.swift */; };
		234BB278206E363D00DDF411 /* SortPage.swift in Sources */ = {isa = PBXBuildFile; fileRef = 234BB233206E363D00DDF411 /* SortPage.swift */; };
		234BB279206E363D00DDF411 /* SSPageScrollModel.swift in Sources */ = {isa = PBXBuildFile; fileRef = 234BB236206E363D00DDF411 /* SSPageScrollModel.swift */; };
		234BB27A206E363D00DDF411 /* SSPageScrollCell.swift in Sources */ = {isa = PBXBuildFile; fileRef = 234BB237206E363D00DDF411 /* SSPageScrollCell.swift */; };
		234BB27B206E363D00DDF411 /* SSPageScrollView.swift in Sources */ = {isa = PBXBuildFile; fileRef = 234BB238206E363D00DDF411 /* SSPageScrollView.swift */; };
		234BB27C206E363D00DDF411 /* UserInfoCenter.swift in Sources */ = {isa = PBXBuildFile; fileRef = 234BB23A206E363D00DDF411 /* UserInfoCenter.swift */; };
		234BB27D206E363D00DDF411 /* TableViewExt.swift in Sources */ = {isa = PBXBuildFile; fileRef = 234BB23C206E363D00DDF411 /* TableViewExt.swift */; };
		234BB27E206E363D00DDF411 /* TableViewConver.swift in Sources */ = {isa = PBXBuildFile; fileRef = 234BB23D206E363D00DDF411 /* TableViewConver.swift */; };
		234BB27F206E363D00DDF411 /* Command.swift in Sources */ = {isa = PBXBuildFile; fileRef = 234BB23F206E363D00DDF411 /* Command.swift */; };
		234BB280206E363D00DDF411 /* CommandManager.swift in Sources */ = {isa = PBXBuildFile; fileRef = 234BB240206E363D00DDF411 /* CommandManager.swift */; };
		234BB282206E363D00DDF411 /* Config.swift in Sources */ = {isa = PBXBuildFile; fileRef = 234BB244206E363D00DDF411 /* Config.swift */; };
		234BB283206E363D00DDF411 /* APPConstant.swift in Sources */ = {isa = PBXBuildFile; fileRef = 234BB245206E363D00DDF411 /* APPConstant.swift */; };
		234BB284206E363D00DDF411 /* FontConfig.plist in Resources */ = {isa = PBXBuildFile; fileRef = 234BB247206E363D00DDF411 /* FontConfig.plist */; };
		234BB285206E363D00DDF411 /* HttpMsgCtrl.swift in Sources */ = {isa = PBXBuildFile; fileRef = 234BB249206E363D00DDF411 /* HttpMsgCtrl.swift */; };
		234BB286206E363D00DDF411 /* DataService.swift in Sources */ = {isa = PBXBuildFile; fileRef = 234BB24A206E363D00DDF411 /* DataService.swift */; };
		234BB287206E363D00DDF411 /* HttpMessage.swift in Sources */ = {isa = PBXBuildFile; fileRef = 234BB24B206E363D00DDF411 /* HttpMessage.swift */; };
		234BB288206E363D00DDF411 /* HttpManager.swift in Sources */ = {isa = PBXBuildFile; fileRef = 234BB24C206E363D00DDF411 /* HttpManager.swift */; };
		234BB289206E363D00DDF411 /* HttpConstant.swift in Sources */ = {isa = PBXBuildFile; fileRef = 234BB24D206E363D00DDF411 /* HttpConstant.swift */; };
		234BB28A206E363D00DDF411 /* SSTableViewController.swift in Sources */ = {isa = PBXBuildFile; fileRef = 234BB24F206E363D00DDF411 /* SSTableViewController.swift */; };
		234BB28B206E363D00DDF411 /* SSNavigationController.swift in Sources */ = {isa = PBXBuildFile; fileRef = 234BB250206E363D00DDF411 /* SSNavigationController.swift */; };
		234BB28C206E363D00DDF411 /* CommonViewController.swift in Sources */ = {isa = PBXBuildFile; fileRef = 234BB251206E363D00DDF411 /* CommonViewController.swift */; };
		234BB28D206E363D00DDF411 /* SSTabBarPage.swift in Sources */ = {isa = PBXBuildFile; fileRef = 234BB252206E363D00DDF411 /* SSTabBarPage.swift */; };
		234BB28E206E363D00DDF411 /* PaymentIcon.bundle in Resources */ = {isa = PBXBuildFile; fileRef = 234BB254206E363D00DDF411 /* PaymentIcon.bundle */; };
		234BB28F206E363D00DDF411 /* tab_resource.bundle in Resources */ = {isa = PBXBuildFile; fileRef = 234BB255206E363D00DDF411 /* tab_resource.bundle */; };
		234BB290206E363D00DDF411 /* HomeModuleLogo.bundle in Resources */ = {isa = PBXBuildFile; fileRef = 234BB256206E363D00DDF411 /* HomeModuleLogo.bundle */; };
		234BB291206E363D00DDF411 /* WebTest.swift in Sources */ = {isa = PBXBuildFile; fileRef = 234BB258206E363D00DDF411 /* WebTest.swift */; };
		234BB292206E363D00DDF411 /* hookModule.swift in Sources */ = {isa = PBXBuildFile; fileRef = 234BB259206E363D00DDF411 /* hookModule.swift */; };
		234BB293206E363D00DDF411 /* HomeCheeperCell.swift in Sources */ = {isa = PBXBuildFile; fileRef = 234BB25C206E363D00DDF411 /* HomeCheeperCell.swift */; };
		234BB294206E363D00DDF411 /* HomeCenterTitleCell.swift in Sources */ = {isa = PBXBuildFile; fileRef = 234BB25D206E363D00DDF411 /* HomeCenterTitleCell.swift */; };
		234BB295206E363D00DDF411 /* HomBannerCell.swift in Sources */ = {isa = PBXBuildFile; fileRef = 234BB25E206E363D00DDF411 /* HomBannerCell.swift */; };
		234BB296206E363D00DDF411 /* HomeCrossCell.swift in Sources */ = {isa = PBXBuildFile; fileRef = 234BB25F206E363D00DDF411 /* HomeCrossCell.swift */; };
		234BB297206E363D00DDF411 /* HomeModuleCell.swift in Sources */ = {isa = PBXBuildFile; fileRef = 234BB260206E363D00DDF411 /* HomeModuleCell.swift */; };
		234BB298206E363D00DDF411 /* NVAHubView.swift in Sources */ = {isa = PBXBuildFile; fileRef = 234BB262206E363D00DDF411 /* NVAHubView.swift */; };
		234BB29B206E3DC100DDF411 /* UserCenterHeaderCell.swift in Sources */ = {isa = PBXBuildFile; fileRef = 234BB29A206E3DC100DDF411 /* UserCenterHeaderCell.swift */; };
		234BB29E206E406200DDF411 /* TitleCell.swift in Sources */ = {isa = PBXBuildFile; fileRef = 234BB29D206E406200DDF411 /* TitleCell.swift */; };
		234BB2A0206E724600DDF411 /* GlobalImport.swift in Sources */ = {isa = PBXBuildFile; fileRef = 234BB29F206E724600DDF411 /* GlobalImport.swift */; };
		237EDF8B1F7898A600A98EBB /* AppDelegate.swift in Sources */ = {isa = PBXBuildFile; fileRef = 2313A3CC1ECC3ECF00298EB7 /* AppDelegate.swift */; };
		237EDF8C1F7898A600A98EBB /* ViewController.swift in Sources */ = {isa = PBXBuildFile; fileRef = 2313A3CE1ECC3ECF00298EB7 /* ViewController.swift */; };
		E08372A05FF9437C7BD804D2 /* Pods_pandaMaMa.framework in Frameworks */ = {isa = PBXBuildFile; fileRef = E4B9852B7DD0C1CF7BBC5743 /* Pods_pandaMaMa.framework */; };
/* End PBXBuildFile section */

/* Begin PBXFileReference section */
		2313A3C91ECC3ECF00298EB7 /* pandaMaMa.app */ = {isa = PBXFileReference; explicitFileType = wrapper.application; includeInIndex = 0; path = pandaMaMa.app; sourceTree = BUILT_PRODUCTS_DIR; };
		2313A3CC1ECC3ECF00298EB7 /* AppDelegate.swift */ = {isa = PBXFileReference; lastKnownFileType = sourcecode.swift; path = AppDelegate.swift; sourceTree = "<group>"; };
		2313A3CE1ECC3ECF00298EB7 /* ViewController.swift */ = {isa = PBXFileReference; lastKnownFileType = sourcecode.swift; path = ViewController.swift; sourceTree = "<group>"; };
		2313A3D31ECC3ECF00298EB7 /* Assets.xcassets */ = {isa = PBXFileReference; lastKnownFileType = folder.assetcatalog; path = Assets.xcassets; sourceTree = "<group>"; };
		2313A3D81ECC3ECF00298EB7 /* Info.plist */ = {isa = PBXFileReference; lastKnownFileType = text.plist.xml; path = Info.plist; sourceTree = "<group>"; };
		233B81242078B555001517F0 /* PD_AttributeString.swift */ = {isa = PBXFileReference; lastKnownFileType = sourcecode.swift; path = PD_AttributeString.swift; sourceTree = "<group>"; };
		233B81292078E4DE001517F0 /* ThemeColorPool.swift */ = {isa = PBXFileReference; lastKnownFileType = sourcecode.swift; path = ThemeColorPool.swift; sourceTree = "<group>"; };
		233B812B2078EA1C001517F0 /* PD_LayoutScale.swift */ = {isa = PBXFileReference; lastKnownFileType = sourcecode.swift; path = PD_LayoutScale.swift; sourceTree = "<group>"; };
		233B812E2078F4AC001517F0 /* PaymentPage.swift */ = {isa = PBXFileReference; lastKnownFileType = sourcecode.swift; path = PaymentPage.swift; sourceTree = "<group>"; };
		233B81322078F54A001517F0 /* PaymentTool.swift */ = {isa = PBXFileReference; lastKnownFileType = sourcecode.swift; path = PaymentTool.swift; sourceTree = "<group>"; };
		234BB212206E363D00DDF411 /* RouterTest.swift */ = {isa = PBXFileReference; fileEncoding = 4; lastKnownFileType = sourcecode.swift; path = RouterTest.swift; sourceTree = "<group>"; };
		234BB213206E363D00DDF411 /* RouterMap.plist */ = {isa = PBXFileReference; fileEncoding = 4; lastKnownFileType = text.plist.xml; path = RouterMap.plist; sourceTree = "<group>"; };
		234BB215206E363D00DDF411 /* Trie.swift */ = {isa = PBXFileReference; fileEncoding = 4; lastKnownFileType = sourcecode.swift; path = Trie.swift; sourceTree = "<group>"; };
		234BB216206E363D00DDF411 /* RouterManager.swift */ = {isa = PBXFileReference; fileEncoding = 4; lastKnownFileType = sourcecode.swift; path = RouterManager.swift; sourceTree = "<group>"; };
		234BB218206E363D00DDF411 /* module.plist */ = {isa = PBXFileReference; fileEncoding = 4; lastKnownFileType = text.plist.xml; path = module.plist; sourceTree = "<group>"; };
		234BB219206E363D00DDF411 /* ModuleManager.swift */ = {isa = PBXFileReference; fileEncoding = 4; lastKnownFileType = sourcecode.swift; path = ModuleManager.swift; sourceTree = "<group>"; };
		234BB21A206E363D00DDF411 /* ModuleProtocols.swift */ = {isa = PBXFileReference; fileEncoding = 4; lastKnownFileType = sourcecode.swift; path = ModuleProtocols.swift; sourceTree = "<group>"; };
		234BB21C206E363D00DDF411 /* BaseRequest.swift */ = {isa = PBXFileReference; fileEncoding = 4; lastKnownFileType = sourcecode.swift; path = BaseRequest.swift; sourceTree = "<group>"; };
		234BB21D206E363D00DDF411 /* ReuqestCtrl.swift */ = {isa = PBXFileReference; fileEncoding = 4; lastKnownFileType = sourcecode.swift; path = ReuqestCtrl.swift; sourceTree = "<group>"; };
		234BB21F206E363D00DDF411 /* PD_TableView.swift */ = {isa = PBXFileReference; fileEncoding = 4; lastKnownFileType = sourcecode.swift; path = PD_TableView.swift; sourceTree = "<group>"; };
		234BB220206E363D00DDF411 /* PD_Style.swift */ = {isa = PBXFileReference; fileEncoding = 4; lastKnownFileType = sourcecode.swift; path = PD_Style.swift; sourceTree = "<group>"; };
		234BB221206E363D00DDF411 /* PD_Dictionary.swift */ = {isa = PBXFileReference; fileEncoding = 4; lastKnownFileType = sourcecode.swift; path = PD_Dictionary.swift; sourceTree = "<group>"; };
		234BB222206E363D00DDF411 /* PD_Button.swift */ = {isa = PBXFileReference; fileEncoding = 4; lastKnownFileType = sourcecode.swift; path = PD_Button.swift; sourceTree = "<group>"; };
		234BB223206E363D00DDF411 /* PandaNavigationController.swift */ = {isa = PBXFileReference; fileEncoding = 4; lastKnownFileType = sourcecode.swift; path = PandaNavigationController.swift; sourceTree = "<group>"; };
		234BB224206E363D00DDF411 /* PD_Kingfresh.swift */ = {isa = PBXFileReference; fileEncoding = 4; lastKnownFileType = sourcecode.swift; path = PD_Kingfresh.swift; sourceTree = "<group>"; };
		234BB227206E363D00DDF411 /* MinePage.swift */ = {isa = PBXFileReference; fileEncoding = 4; lastKnownFileType = sourcecode.swift; path = MinePage.swift; sourceTree = "<group>"; };
		234BB229206E363D00DDF411 /* ShoppingCartPage.swift */ = {isa = PBXFileReference; fileEncoding = 4; lastKnownFileType = sourcecode.swift; path = ShoppingCartPage.swift; sourceTree = "<group>"; };
		234BB22B206E363D00DDF411 /* HomePage.swift */ = {isa = PBXFileReference; fileEncoding = 4; lastKnownFileType = sourcecode.swift; path = HomePage.swift; sourceTree = "<group>"; };
		234BB22D206E363D00DDF411 /* NewFeaturePage.swift */ = {isa = PBXFileReference; fileEncoding = 4; lastKnownFileType = sourcecode.swift; path = NewFeaturePage.swift; sourceTree = "<group>"; };
		234BB22F206E363D00DDF411 /* SettingPage.swift */ = {isa = PBXFileReference; fileEncoding = 4; lastKnownFileType = sourcecode.swift; path = SettingPage.swift; sourceTree = "<group>"; };
		234BB231206E363D00DDF411 /* IndustryPage.swift */ = {isa = PBXFileReference; fileEncoding = 4; lastKnownFileType = sourcecode.swift; path = IndustryPage.swift; sourceTree = "<group>"; };
		234BB233206E363D00DDF411 /* SortPage.swift */ = {isa = PBXFileReference; fileEncoding = 4; lastKnownFileType = sourcecode.swift; path = SortPage.swift; sourceTree = "<group>"; };
		234BB236206E363D00DDF411 /* SSPageScrollModel.swift */ = {isa = PBXFileReference; fileEncoding = 4; lastKnownFileType = sourcecode.swift; path = SSPageScrollModel.swift; sourceTree = "<group>"; };
		234BB237206E363D00DDF411 /* SSPageScrollCell.swift */ = {isa = PBXFileReference; fileEncoding = 4; lastKnownFileType = sourcecode.swift; path = SSPageScrollCell.swift; sourceTree = "<group>"; };
		234BB238206E363D00DDF411 /* SSPageScrollView.swift */ = {isa = PBXFileReference; fileEncoding = 4; lastKnownFileType = sourcecode.swift; path = SSPageScrollView.swift; sourceTree = "<group>"; };
		234BB23A206E363D00DDF411 /* UserInfoCenter.swift */ = {isa = PBXFileReference; fileEncoding = 4; lastKnownFileType = sourcecode.swift; path = UserInfoCenter.swift; sourceTree = "<group>"; };
		234BB23C206E363D00DDF411 /* TableViewExt.swift */ = {isa = PBXFileReference; fileEncoding = 4; lastKnownFileType = sourcecode.swift; path = TableViewExt.swift; sourceTree = "<group>"; };
		234BB23D206E363D00DDF411 /* TableViewConver.swift */ = {isa = PBXFileReference; fileEncoding = 4; lastKnownFileType = sourcecode.swift; path = TableViewConver.swift; sourceTree = "<group>"; };
		234BB23F206E363D00DDF411 /* Command.swift */ = {isa = PBXFileReference; fileEncoding = 4; lastKnownFileType = sourcecode.swift; path = Command.swift; sourceTree = "<group>"; };
		234BB240206E363D00DDF411 /* CommandManager.swift */ = {isa = PBXFileReference; fileEncoding = 4; lastKnownFileType = sourcecode.swift; path = CommandManager.swift; sourceTree = "<group>"; };
		234BB244206E363D00DDF411 /* Config.swift */ = {isa = PBXFileReference; fileEncoding = 4; lastKnownFileType = sourcecode.swift; path = Config.swift; sourceTree = "<group>"; };
		234BB245206E363D00DDF411 /* APPConstant.swift */ = {isa = PBXFileReference; fileEncoding = 4; lastKnownFileType = sourcecode.swift; path = APPConstant.swift; sourceTree = "<group>"; };
		234BB246206E363D00DDF411 /* pandaMaMa-Bridging-Header.h */ = {isa = PBXFileReference; fileEncoding = 4; lastKnownFileType = sourcecode.c.h; path = "pandaMaMa-Bridging-Header.h"; sourceTree = "<group>"; };
		234BB247206E363D00DDF411 /* FontConfig.plist */ = {isa = PBXFileReference; fileEncoding = 4; lastKnownFileType = text.plist.xml; path = FontConfig.plist; sourceTree = "<group>"; };
		234BB249206E363D00DDF411 /* HttpMsgCtrl.swift */ = {isa = PBXFileReference; fileEncoding = 4; lastKnownFileType = sourcecode.swift; path = HttpMsgCtrl.swift; sourceTree = "<group>"; };
		234BB24A206E363D00DDF411 /* DataService.swift */ = {isa = PBXFileReference; fileEncoding = 4; lastKnownFileType = sourcecode.swift; path = DataService.swift; sourceTree = "<group>"; };
		234BB24B206E363D00DDF411 /* HttpMessage.swift */ = {isa = PBXFileReference; fileEncoding = 4; lastKnownFileType = sourcecode.swift; path = HttpMessage.swift; sourceTree = "<group>"; };
		234BB24C206E363D00DDF411 /* HttpManager.swift */ = {isa = PBXFileReference; fileEncoding = 4; lastKnownFileType = sourcecode.swift; path = HttpManager.swift; sourceTree = "<group>"; };
		234BB24D206E363D00DDF411 /* HttpConstant.swift */ = {isa = PBXFileReference; fileEncoding = 4; lastKnownFileType = sourcecode.swift; path = HttpConstant.swift; sourceTree = "<group>"; };
		234BB24F206E363D00DDF411 /* SSTableViewController.swift */ = {isa = PBXFileReference; fileEncoding = 4; lastKnownFileType = sourcecode.swift; path = SSTableViewController.swift; sourceTree = "<group>"; };
		234BB250206E363D00DDF411 /* SSNavigationController.swift */ = {isa = PBXFileReference; fileEncoding = 4; lastKnownFileType = sourcecode.swift; path = SSNavigationController.swift; sourceTree = "<group>"; };
		234BB251206E363D00DDF411 /* CommonViewController.swift */ = {isa = PBXFileReference; fileEncoding = 4; lastKnownFileType = sourcecode.swift; path = CommonViewController.swift; sourceTree = "<group>"; };
		234BB252206E363D00DDF411 /* SSTabBarPage.swift */ = {isa = PBXFileReference; fileEncoding = 4; lastKnownFileType = sourcecode.swift; path = SSTabBarPage.swift; sourceTree = "<group>"; };
		234BB254206E363D00DDF411 /* PaymentIcon.bundle */ = {isa = PBXFileReference; lastKnownFileType = "wrapper.plug-in"; path = PaymentIcon.bundle; sourceTree = "<group>"; };
		234BB255206E363D00DDF411 /* tab_resource.bundle */ = {isa = PBXFileReference; lastKnownFileType = "wrapper.plug-in"; path = tab_resource.bundle; sourceTree = "<group>"; };
		234BB256206E363D00DDF411 /* HomeModuleLogo.bundle */ = {isa = PBXFileReference; lastKnownFileType = "wrapper.plug-in"; path = HomeModuleLogo.bundle; sourceTree = "<group>"; };
		234BB258206E363D00DDF411 /* WebTest.swift */ = {isa = PBXFileReference; fileEncoding = 4; lastKnownFileType = sourcecode.swift; path = WebTest.swift; sourceTree = "<group>"; };
		234BB259206E363D00DDF411 /* hookModule.swift */ = {isa = PBXFileReference; fileEncoding = 4; lastKnownFileType = sourcecode.swift; path = hookModule.swift; sourceTree = "<group>"; };
		234BB25C206E363D00DDF411 /* HomeCheeperCell.swift */ = {isa = PBXFileReference; fileEncoding = 4; lastKnownFileType = sourcecode.swift; path = HomeCheeperCell.swift; sourceTree = "<group>"; };
		234BB25D206E363D00DDF411 /* HomeCenterTitleCell.swift */ = {isa = PBXFileReference; fileEncoding = 4; lastKnownFileType = sourcecode.swift; path = HomeCenterTitleCell.swift; sourceTree = "<group>"; };
		234BB25E206E363D00DDF411 /* HomBannerCell.swift */ = {isa = PBXFileReference; fileEncoding = 4; lastKnownFileType = sourcecode.swift; path = HomBannerCell.swift; sourceTree = "<group>"; };
		234BB25F206E363D00DDF411 /* HomeCrossCell.swift */ = {isa = PBXFileReference; fileEncoding = 4; lastKnownFileType = sourcecode.swift; path = HomeCrossCell.swift; sourceTree = "<group>"; };
		234BB260206E363D00DDF411 /* HomeModuleCell.swift */ = {isa = PBXFileReference; fileEncoding = 4; lastKnownFileType = sourcecode.swift; path = HomeModuleCell.swift; sourceTree = "<group>"; };
		234BB262206E363D00DDF411 /* NVAHubView.swift */ = {isa = PBXFileReference; fileEncoding = 4; lastKnownFileType = sourcecode.swift; path = NVAHubView.swift; sourceTree = "<group>"; };
		234BB29A206E3DC100DDF411 /* UserCenterHeaderCell.swift */ = {isa = PBXFileReference; lastKnownFileType = sourcecode.swift; path = UserCenterHeaderCell.swift; sourceTree = "<group>"; };
		234BB29D206E406200DDF411 /* TitleCell.swift */ = {isa = PBXFileReference; lastKnownFileType = sourcecode.swift; path = TitleCell.swift; sourceTree = "<group>"; };
		234BB29F206E724600DDF411 /* GlobalImport.swift */ = {isa = PBXFileReference; lastKnownFileType = sourcecode.swift; path = GlobalImport.swift; sourceTree = "<group>"; };
		23903EAC1F471F7E00633FB2 /* AMapLocationKit.framework */ = {isa = PBXFileReference; lastKnownFileType = wrapper.framework; name = AMapLocationKit.framework; path = "Pods/AMapLocation-NO-IDFA/AMapLocationKit.framework"; sourceTree = "<group>"; };
		79DA71337225986402D865BE /* Pods-pandaMaMa.release.xcconfig */ = {isa = PBXFileReference; includeInIndex = 1; lastKnownFileType = text.xcconfig; name = "Pods-pandaMaMa.release.xcconfig"; path = "Pods/Target Support Files/Pods-pandaMaMa/Pods-pandaMaMa.release.xcconfig"; sourceTree = "<group>"; };
		E4B9852B7DD0C1CF7BBC5743 /* Pods_pandaMaMa.framework */ = {isa = PBXFileReference; explicitFileType = wrapper.framework; includeInIndex = 0; path = Pods_pandaMaMa.framework; sourceTree = BUILT_PRODUCTS_DIR; };
		E7727CA7C9FBDCDFC41D521F /* Pods-pandaMaMa.debug.xcconfig */ = {isa = PBXFileReference; includeInIndex = 1; lastKnownFileType = text.xcconfig; name = "Pods-pandaMaMa.debug.xcconfig"; path = "Pods/Target Support Files/Pods-pandaMaMa/Pods-pandaMaMa.debug.xcconfig"; sourceTree = "<group>"; };
/* End PBXFileReference section */

/* Begin PBXFrameworksBuildPhase section */
		2313A3C61ECC3ECF00298EB7 /* Frameworks */ = {
			isa = PBXFrameworksBuildPhase;
			buildActionMask = 2147483647;
			files = (
				E08372A05FF9437C7BD804D2 /* Pods_pandaMaMa.framework in Frameworks */,
			);
			runOnlyForDeploymentPostprocessing = 0;
		};
/* End PBXFrameworksBuildPhase section */

/* Begin PBXGroup section */
		2313A3C01ECC3ECF00298EB7 = {
			isa = PBXGroup;
			children = (
				2313A3CB1ECC3ECF00298EB7 /* pandaMaMa */,
				2313A3CA1ECC3ECF00298EB7 /* Products */,
				D344B25DC305D335ADFF9716 /* Pods */,
				EAE3D69BB980284B537C3988 /* Frameworks */,
			);
			sourceTree = "<group>";
		};
		2313A3CA1ECC3ECF00298EB7 /* Products */ = {
			isa = PBXGroup;
			children = (
				2313A3C91ECC3ECF00298EB7 /* pandaMaMa.app */,
			);
			name = Products;
			sourceTree = "<group>";
		};
		2313A3CB1ECC3ECF00298EB7 /* pandaMaMa */ = {
			isa = PBXGroup;
			children = (
				234BB20F206E363D00DDF411 /* Src */,
				2313A3CC1ECC3ECF00298EB7 /* AppDelegate.swift */,
				2313A3CE1ECC3ECF00298EB7 /* ViewController.swift */,
				2313A3D31ECC3ECF00298EB7 /* Assets.xcassets */,
				2313A3D81ECC3ECF00298EB7 /* Info.plist */,
			);
			path = pandaMaMa;
			sourceTree = "<group>";
		};
		233B81282078E4D2001517F0 /* ThemeColorPool */ = {
			isa = PBXGroup;
			children = (
				233B81292078E4DE001517F0 /* ThemeColorPool.swift */,
			);
			path = ThemeColorPool;
			sourceTree = "<group>";
		};
		233B812D2078F471001517F0 /* PayPage */ = {
			isa = PBXGroup;
			children = (
				233B812E2078F4AC001517F0 /* PaymentPage.swift */,
			);
			path = PayPage;
			sourceTree = "<group>";
		};
		233B81312078F540001517F0 /* PaymentTool */ = {
			isa = PBXGroup;
			children = (
				233B81322078F54A001517F0 /* PaymentTool.swift */,
			);
			path = PaymentTool;
			sourceTree = "<group>";
		};
		234BB20F206E363D00DDF411 /* Src */ = {
			isa = PBXGroup;
			children = (
				234BB210206E363D00DDF411 /* Tools */,
				234BB21E206E363D00DDF411 /* Category */,
				234BB225206E363D00DDF411 /* Controller */,
				234BB234206E363D00DDF411 /* Common */,
				234BB243206E363D00DDF411 /* Constant */,
				234BB248206E363D00DDF411 /* Http */,
				234BB24E206E363D00DDF411 /* StaticStylePage */,
				234BB253206E363D00DDF411 /* Resource */,
				234BB257206E363D00DDF411 /* WebTest */,
				234BB25A206E363D00DDF411 /* Views */,
				234BB261206E363D00DDF411 /* Global */,
			);
			path = Src;
			sourceTree = "<group>";
		};
		234BB210206E363D00DDF411 /* Tools */ = {
			isa = PBXGroup;
			children = (
				233B81312078F540001517F0 /* PaymentTool */,
				233B81282078E4D2001517F0 /* ThemeColorPool */,
				234BB211206E363D00DDF411 /* RouterMananger */,
				234BB217206E363D00DDF411 /* ModuleManager */,
				234BB21B206E363D00DDF411 /* SSNetwork */,
			);
			path = Tools;
			sourceTree = "<group>";
		};
		234BB211206E363D00DDF411 /* RouterMananger */ = {
			isa = PBXGroup;
			children = (
				234BB212206E363D00DDF411 /* RouterTest.swift */,
				234BB213206E363D00DDF411 /* RouterMap.plist */,
				234BB214206E363D00DDF411 /* Core */,
			);
			path = RouterMananger;
			sourceTree = "<group>";
		};
		234BB214206E363D00DDF411 /* Core */ = {
			isa = PBXGroup;
			children = (
				234BB215206E363D00DDF411 /* Trie.swift */,
				234BB216206E363D00DDF411 /* RouterManager.swift */,
			);
			path = Core;
			sourceTree = "<group>";
		};
		234BB217206E363D00DDF411 /* ModuleManager */ = {
			isa = PBXGroup;
			children = (
				234BB218206E363D00DDF411 /* module.plist */,
				234BB219206E363D00DDF411 /* ModuleManager.swift */,
				234BB21A206E363D00DDF411 /* ModuleProtocols.swift */,
			);
			path = ModuleManager;
			sourceTree = "<group>";
		};
		234BB21B206E363D00DDF411 /* SSNetwork */ = {
			isa = PBXGroup;
			children = (
				234BB21C206E363D00DDF411 /* BaseRequest.swift */,
				234BB21D206E363D00DDF411 /* ReuqestCtrl.swift */,
			);
			path = SSNetwork;
			sourceTree = "<group>";
		};
		234BB21E206E363D00DDF411 /* Category */ = {
			isa = PBXGroup;
			children = (
				234BB21F206E363D00DDF411 /* PD_TableView.swift */,
				234BB220206E363D00DDF411 /* PD_Style.swift */,
				234BB221206E363D00DDF411 /* PD_Dictionary.swift */,
				234BB222206E363D00DDF411 /* PD_Button.swift */,
				234BB223206E363D00DDF411 /* PandaNavigationController.swift */,
				234BB224206E363D00DDF411 /* PD_Kingfresh.swift */,
				233B81242078B555001517F0 /* PD_AttributeString.swift */,
				233B812B2078EA1C001517F0 /* PD_LayoutScale.swift */,
			);
			path = Category;
			sourceTree = "<group>";
		};
		234BB225206E363D00DDF411 /* Controller */ = {
			isa = PBXGroup;
			children = (
				233B812D2078F471001517F0 /* PayPage */,
				234BB226206E363D00DDF411 /* MinePage */,
				234BB228206E363D00DDF411 /* ShoppingCartPage */,
				234BB22A206E363D00DDF411 /* HomePage */,
				234BB22C206E363D00DDF411 /* NewFeaturePage */,
				234BB22E206E363D00DDF411 /* SettingPage */,
				234BB230206E363D00DDF411 /* IndustryPage */,
				234BB232206E363D00DDF411 /* SortPage */,
			);
			path = Controller;
			sourceTree = "<group>";
		};
		234BB226206E363D00DDF411 /* MinePage */ = {
			isa = PBXGroup;
			children = (
				234BB227206E363D00DDF411 /* MinePage.swift */,
			);
			path = MinePage;
			sourceTree = "<group>";
		};
		234BB228206E363D00DDF411 /* ShoppingCartPage */ = {
			isa = PBXGroup;
			children = (
				234BB229206E363D00DDF411 /* ShoppingCartPage.swift */,
			);
			path = ShoppingCartPage;
			sourceTree = "<group>";
		};
		234BB22A206E363D00DDF411 /* HomePage */ = {
			isa = PBXGroup;
			children = (
				234BB22B206E363D00DDF411 /* HomePage.swift */,
			);
			path = HomePage;
			sourceTree = "<group>";
		};
		234BB22C206E363D00DDF411 /* NewFeaturePage */ = {
			isa = PBXGroup;
			children = (
				234BB22D206E363D00DDF411 /* NewFeaturePage.swift */,
			);
			path = NewFeaturePage;
			sourceTree = "<group>";
		};
		234BB22E206E363D00DDF411 /* SettingPage */ = {
			isa = PBXGroup;
			children = (
				234BB22F206E363D00DDF411 /* SettingPage.swift */,
			);
			path = SettingPage;
			sourceTree = "<group>";
		};
		234BB230206E363D00DDF411 /* IndustryPage */ = {
			isa = PBXGroup;
			children = (
				234BB231206E363D00DDF411 /* IndustryPage.swift */,
			);
			path = IndustryPage;
			sourceTree = "<group>";
		};
		234BB232206E363D00DDF411 /* SortPage */ = {
			isa = PBXGroup;
			children = (
				234BB233206E363D00DDF411 /* SortPage.swift */,
			);
			path = SortPage;
			sourceTree = "<group>";
		};
		234BB234206E363D00DDF411 /* Common */ = {
			isa = PBXGroup;
			children = (
				234BB235206E363D00DDF411 /* SSPageScrollView */,
				234BB239206E363D00DDF411 /* UserInfoCenter */,
				234BB23B206E363D00DDF411 /* TableViewExt */,
				234BB23E206E363D00DDF411 /* Command */,
			);
			path = Common;
			sourceTree = "<group>";
		};
		234BB235206E363D00DDF411 /* SSPageScrollView */ = {
			isa = PBXGroup;
			children = (
				234BB236206E363D00DDF411 /* SSPageScrollModel.swift */,
				234BB237206E363D00DDF411 /* SSPageScrollCell.swift */,
				234BB238206E363D00DDF411 /* SSPageScrollView.swift */,
			);
			path = SSPageScrollView;
			sourceTree = "<group>";
		};
		234BB239206E363D00DDF411 /* UserInfoCenter */ = {
			isa = PBXGroup;
			children = (
				234BB23A206E363D00DDF411 /* UserInfoCenter.swift */,
			);
			path = UserInfoCenter;
			sourceTree = "<group>";
		};
		234BB23B206E363D00DDF411 /* TableViewExt */ = {
			isa = PBXGroup;
			children = (
				234BB23C206E363D00DDF411 /* TableViewExt.swift */,
				234BB23D206E363D00DDF411 /* TableViewConver.swift */,
			);
			path = TableViewExt;
			sourceTree = "<group>";
		};
		234BB23E206E363D00DDF411 /* Command */ = {
			isa = PBXGroup;
			children = (
				234BB23F206E363D00DDF411 /* Command.swift */,
				234BB240206E363D00DDF411 /* CommandManager.swift */,
			);
			path = Command;
			sourceTree = "<group>";
		};
		234BB243206E363D00DDF411 /* Constant */ = {
			isa = PBXGroup;
			children = (
				234BB244206E363D00DDF411 /* Config.swift */,
				234BB245206E363D00DDF411 /* APPConstant.swift */,
				234BB246206E363D00DDF411 /* pandaMaMa-Bridging-Header.h */,
				234BB247206E363D00DDF411 /* FontConfig.plist */,
				234BB29F206E724600DDF411 /* GlobalImport.swift */,
			);
			path = Constant;
			sourceTree = "<group>";
		};
		234BB248206E363D00DDF411 /* Http */ = {
			isa = PBXGroup;
			children = (
				234BB249206E363D00DDF411 /* HttpMsgCtrl.swift */,
				234BB24A206E363D00DDF411 /* DataService.swift */,
				234BB24B206E363D00DDF411 /* HttpMessage.swift */,
				234BB24C206E363D00DDF411 /* HttpManager.swift */,
				234BB24D206E363D00DDF411 /* HttpConstant.swift */,
			);
			path = Http;
			sourceTree = "<group>";
		};
		234BB24E206E363D00DDF411 /* StaticStylePage */ = {
			isa = PBXGroup;
			children = (
				234BB24F206E363D00DDF411 /* SSTableViewController.swift */,
				234BB250206E363D00DDF411 /* SSNavigationController.swift */,
				234BB251206E363D00DDF411 /* CommonViewController.swift */,
				234BB252206E363D00DDF411 /* SSTabBarPage.swift */,
			);
			path = StaticStylePage;
			sourceTree = "<group>";
		};
		234BB253206E363D00DDF411 /* Resource */ = {
			isa = PBXGroup;
			children = (
				234BB254206E363D00DDF411 /* PaymentIcon.bundle */,
				234BB255206E363D00DDF411 /* tab_resource.bundle */,
				234BB256206E363D00DDF411 /* HomeModuleLogo.bundle */,
			);
			path = Resource;
			sourceTree = "<group>";
		};
		234BB257206E363D00DDF411 /* WebTest */ = {
			isa = PBXGroup;
			children = (
				234BB258206E363D00DDF411 /* WebTest.swift */,
				234BB259206E363D00DDF411 /* hookModule.swift */,
			);
			path = WebTest;
			sourceTree = "<group>";
		};
		234BB25A206E363D00DDF411 /* Views */ = {
			isa = PBXGroup;
			children = (
				234BB25B206E363D00DDF411 /* Cells */,
			);
			path = Views;
			sourceTree = "<group>";
		};
		234BB25B206E363D00DDF411 /* Cells */ = {
			isa = PBXGroup;
			children = (
				234BB29C206E404F00DDF411 /* TitleCell */,
				234BB299206E3A0B00DDF411 /* UserCenterHeaderCell */,
				234BB25C206E363D00DDF411 /* HomeCheeperCell.swift */,
				234BB25D206E363D00DDF411 /* HomeCenterTitleCell.swift */,
				234BB25E206E363D00DDF411 /* HomBannerCell.swift */,
				234BB25F206E363D00DDF411 /* HomeCrossCell.swift */,
				234BB260206E363D00DDF411 /* HomeModuleCell.swift */,
			);
			path = Cells;
			sourceTree = "<group>";
		};
		234BB261206E363D00DDF411 /* Global */ = {
			isa = PBXGroup;
			children = (
				234BB262206E363D00DDF411 /* NVAHubView.swift */,
			);
			path = Global;
			sourceTree = "<group>";
		};
		234BB299206E3A0B00DDF411 /* UserCenterHeaderCell */ = {
			isa = PBXGroup;
			children = (
				234BB29A206E3DC100DDF411 /* UserCenterHeaderCell.swift */,
			);
			path = UserCenterHeaderCell;
			sourceTree = "<group>";
		};
		234BB29C206E404F00DDF411 /* TitleCell */ = {
			isa = PBXGroup;
			children = (
				234BB29D206E406200DDF411 /* TitleCell.swift */,
			);
			path = TitleCell;
			sourceTree = "<group>";
		};
		D344B25DC305D335ADFF9716 /* Pods */ = {
			isa = PBXGroup;
			children = (
				E7727CA7C9FBDCDFC41D521F /* Pods-pandaMaMa.debug.xcconfig */,
				79DA71337225986402D865BE /* Pods-pandaMaMa.release.xcconfig */,
			);
			name = Pods;
			sourceTree = "<group>";
		};
		EAE3D69BB980284B537C3988 /* Frameworks */ = {
			isa = PBXGroup;
			children = (
				23903EAC1F471F7E00633FB2 /* AMapLocationKit.framework */,
				E4B9852B7DD0C1CF7BBC5743 /* Pods_pandaMaMa.framework */,
			);
			name = Frameworks;
			sourceTree = "<group>";
		};
/* End PBXGroup section */

/* Begin PBXNativeTarget section */
		2313A3C81ECC3ECF00298EB7 /* pandaMaMa */ = {
			isa = PBXNativeTarget;
			buildConfigurationList = 2313A3DB1ECC3ECF00298EB7 /* Build configuration list for PBXNativeTarget "pandaMaMa" */;
			buildPhases = (
				119AAB6180298E87D793B106 /* [CP] Check Pods Manifest.lock */,
				2313A3C51ECC3ECF00298EB7 /* Sources */,
				2313A3C61ECC3ECF00298EB7 /* Frameworks */,
				2313A3C71ECC3ECF00298EB7 /* Resources */,
				552A14055CEB0D204FCDD7B8 /* [CP] Embed Pods Frameworks */,
				2B874B5071D35709DA64C625 /* [CP] Copy Pods Resources */,
			);
			buildRules = (
			);
			dependencies = (
			);
			name = pandaMaMa;
			productName = pandaMaMa;
			productReference = 2313A3C91ECC3ECF00298EB7 /* pandaMaMa.app */;
			productType = "com.apple.product-type.application";
		};
/* End PBXNativeTarget section */

/* Begin PBXProject section */
		2313A3C11ECC3ECF00298EB7 /* Project object */ = {
			isa = PBXProject;
			attributes = {
				LastSwiftUpdateCheck = 0830;
				LastUpgradeCheck = 0900;
				ORGANIZATIONNAME = tree;
				TargetAttributes = {
					2313A3C81ECC3ECF00298EB7 = {
						CreatedOnToolsVersion = 8.3;
						DevelopmentTeam = GCH427SJ2F;
						LastSwiftMigration = 0900;
						ProvisioningStyle = Automatic;
					};
				};
			};
			buildConfigurationList = 2313A3C41ECC3ECF00298EB7 /* Build configuration list for PBXProject "pandaMaMa" */;
			compatibilityVersion = "Xcode 3.2";
			developmentRegion = English;
			hasScannedForEncodings = 0;
			knownRegions = (
				en,
				Base,
			);
			mainGroup = 2313A3C01ECC3ECF00298EB7;
			productRefGroup = 2313A3CA1ECC3ECF00298EB7 /* Products */;
			projectDirPath = "";
			projectRoot = "";
			targets = (
				2313A3C81ECC3ECF00298EB7 /* pandaMaMa */,
			);
		};
/* End PBXProject section */

/* Begin PBXResourcesBuildPhase section */
		2313A3C71ECC3ECF00298EB7 /* Resources */ = {
			isa = PBXResourcesBuildPhase;
			buildActionMask = 2147483647;
			files = (
				234BB264206E363D00DDF411 /* RouterMap.plist in Resources */,
				234BB28F206E363D00DDF411 /* tab_resource.bundle in Resources */,
				2313A3D41ECC3ECF00298EB7 /* Assets.xcassets in Resources */,
				234BB267206E363D00DDF411 /* module.plist in Resources */,
				234BB28E206E363D00DDF411 /* PaymentIcon.bundle in Resources */,
				234BB290206E363D00DDF411 /* HomeModuleLogo.bundle in Resources */,
				234BB284206E363D00DDF411 /* FontConfig.plist in Resources */,
			);
			runOnlyForDeploymentPostprocessing = 0;
		};
/* End PBXResourcesBuildPhase section */

/* Begin PBXShellScriptBuildPhase section */
		119AAB6180298E87D793B106 /* [CP] Check Pods Manifest.lock */ = {
			isa = PBXShellScriptBuildPhase;
			buildActionMask = 2147483647;
			files = (
			);
			inputPaths = (
			);
			name = "[CP] Check Pods Manifest.lock";
			outputPaths = (
			);
			runOnlyForDeploymentPostprocessing = 0;
			shellPath = /bin/sh;
			shellScript = "diff \"${PODS_PODFILE_DIR_PATH}/Podfile.lock\" \"${PODS_ROOT}/Manifest.lock\" > /dev/null\nif [ $? != 0 ] ; then\n    # print error to STDERR\n    echo \"error: The sandbox is not in sync with the Podfile.lock. Run 'pod install' or update your CocoaPods installation.\" >&2\n    exit 1\nfi\n";
			showEnvVarsInLog = 0;
		};
		2B874B5071D35709DA64C625 /* [CP] Copy Pods Resources */ = {
			isa = PBXShellScriptBuildPhase;
			buildActionMask = 2147483647;
			files = (
			);
			inputPaths = (
			);
			name = "[CP] Copy Pods Resources";
			outputPaths = (
			);
			runOnlyForDeploymentPostprocessing = 0;
			shellPath = /bin/sh;
			shellScript = "\"${SRCROOT}/Pods/Target Support Files/Pods-pandaMaMa/Pods-pandaMaMa-resources.sh\"\n";
			showEnvVarsInLog = 0;
		};
		552A14055CEB0D204FCDD7B8 /* [CP] Embed Pods Frameworks */ = {
			isa = PBXShellScriptBuildPhase;
			buildActionMask = 2147483647;
			files = (
			);
			inputPaths = (
			);
			name = "[CP] Embed Pods Frameworks";
			outputPaths = (
			);
			runOnlyForDeploymentPostprocessing = 0;
			shellPath = /bin/sh;
			shellScript = "\"${SRCROOT}/Pods/Target Support Files/Pods-pandaMaMa/Pods-pandaMaMa-frameworks.sh\"\n";
			showEnvVarsInLog = 0;
		};
/* End PBXShellScriptBuildPhase section */

/* Begin PBXSourcesBuildPhase section */
		2313A3C51ECC3ECF00298EB7 /* Sources */ = {
			isa = PBXSourcesBuildPhase;
			buildActionMask = 2147483647;
			files = (
				234BB278206E363D00DDF411 /* SortPage.swift in Sources */,
				234BB296206E363D00DDF411 /* HomeCrossCell.swift in Sources */,
				234BB26F206E363D00DDF411 /* PD_Button.swift in Sources */,
				234BB274206E363D00DDF411 /* HomePage.swift in Sources */,
				234BB26A206E363D00DDF411 /* BaseRequest.swift in Sources */,
				234BB270206E363D00DDF411 /* PandaNavigationController.swift in Sources */,
				234BB293206E363D00DDF411 /* HomeCheeperCell.swift in Sources */,
				234BB275206E363D00DDF411 /* NewFeaturePage.swift in Sources */,
				234BB279206E363D00DDF411 /* SSPageScrollModel.swift in Sources */,
				234BB28C206E363D00DDF411 /* CommonViewController.swift in Sources */,
				234BB26C206E363D00DDF411 /* PD_TableView.swift in Sources */,
				234BB292206E363D00DDF411 /* hookModule.swift in Sources */,
				234BB287206E363D00DDF411 /* HttpMessage.swift in Sources */,
				234BB28A206E363D00DDF411 /* SSTableViewController.swift in Sources */,
				233B812F2078F4AC001517F0 /* PaymentPage.swift in Sources */,
				234BB269206E363D00DDF411 /* ModuleProtocols.swift in Sources */,
				234BB29E206E406200DDF411 /* TitleCell.swift in Sources */,
				234BB297206E363D00DDF411 /* HomeModuleCell.swift in Sources */,
				234BB26E206E363D00DDF411 /* PD_Dictionary.swift in Sources */,
				233B812A2078E4DE001517F0 /* ThemeColorPool.swift in Sources */,
				234BB271206E363D00DDF411 /* PD_Kingfresh.swift in Sources */,
				234BB27D206E363D00DDF411 /* TableViewExt.swift in Sources */,
				234BB291206E363D00DDF411 /* WebTest.swift in Sources */,
				234BB288206E363D00DDF411 /* HttpManager.swift in Sources */,
				234BB289206E363D00DDF411 /* HttpConstant.swift in Sources */,
				234BB27E206E363D00DDF411 /* TableViewConver.swift in Sources */,
				234BB266206E363D00DDF411 /* RouterManager.swift in Sources */,
				234BB273206E363D00DDF411 /* ShoppingCartPage.swift in Sources */,
				234BB285206E363D00DDF411 /* HttpMsgCtrl.swift in Sources */,
				234BB276206E363D00DDF411 /* SettingPage.swift in Sources */,
				234BB283206E363D00DDF411 /* APPConstant.swift in Sources */,
				234BB28D206E363D00DDF411 /* SSTabBarPage.swift in Sources */,
				233B812C2078EA1C001517F0 /* PD_LayoutScale.swift in Sources */,
				237EDF8B1F7898A600A98EBB /* AppDelegate.swift in Sources */,
				234BB29B206E3DC100DDF411 /* UserCenterHeaderCell.swift in Sources */,
				234BB26D206E363D00DDF411 /* PD_Style.swift in Sources */,
				234BB28B206E363D00DDF411 /* SSNavigationController.swift in Sources */,
				234BB2A0206E724600DDF411 /* GlobalImport.swift in Sources */,
				234BB265206E363D00DDF411 /* Trie.swift in Sources */,
				233B81332078F54A001517F0 /* PaymentTool.swift in Sources */,
				234BB27F206E363D00DDF411 /* Command.swift in Sources */,
				234BB277206E363D00DDF411 /* IndustryPage.swift in Sources */,
				234BB298206E363D00DDF411 /* NVAHubView.swift in Sources */,
				234BB294206E363D00DDF411 /* HomeCenterTitleCell.swift in Sources */,
				234BB295206E363D00DDF411 /* HomBannerCell.swift in Sources */,
				234BB268206E363D00DDF411 /* ModuleManager.swift in Sources */,
				234BB27A206E363D00DDF411 /* SSPageScrollCell.swift in Sources */,
				234BB26B206E363D00DDF411 /* ReuqestCtrl.swift in Sources */,
				233B81252078B555001517F0 /* PD_AttributeString.swift in Sources */,
				234BB27C206E363D00DDF411 /* UserInfoCenter.swift in Sources */,
				234BB280206E363D00DDF411 /* CommandManager.swift in Sources */,
				234BB286206E363D00DDF411 /* DataService.swift in Sources */,
				234BB27B206E363D00DDF411 /* SSPageScrollView.swift in Sources */,
				234BB263206E363D00DDF411 /* RouterTest.swift in Sources */,
				234BB282206E363D00DDF411 /* Config.swift in Sources */,
				237EDF8C1F7898A600A98EBB /* ViewController.swift in Sources */,
				234BB272206E363D00DDF411 /* MinePage.swift in Sources */,
			);
			runOnlyForDeploymentPostprocessing = 0;
		};
/* End PBXSourcesBuildPhase section */

/* Begin XCBuildConfiguration section */
		2313A3D91ECC3ECF00298EB7 /* Debug */ = {
			isa = XCBuildConfiguration;
			buildSettings = {
				ALWAYS_SEARCH_USER_PATHS = NO;
				CLANG_ANALYZER_NONNULL = YES;
				CLANG_ANALYZER_NUMBER_OBJECT_CONVERSION = YES_AGGRESSIVE;
				CLANG_CXX_LANGUAGE_STANDARD = "gnu++0x";
				CLANG_CXX_LIBRARY = "libc++";
				CLANG_ENABLE_MODULES = YES;
				CLANG_ENABLE_OBJC_ARC = YES;
				CLANG_WARN_BLOCK_CAPTURE_AUTORELEASING = YES;
				CLANG_WARN_BOOL_CONVERSION = YES;
				CLANG_WARN_COMMA = YES;
				CLANG_WARN_CONSTANT_CONVERSION = YES;
				CLANG_WARN_DIRECT_OBJC_ISA_USAGE = YES_ERROR;
				CLANG_WARN_DOCUMENTATION_COMMENTS = YES;
				CLANG_WARN_EMPTY_BODY = YES;
				CLANG_WARN_ENUM_CONVERSION = YES;
				CLANG_WARN_INFINITE_RECURSION = YES;
				CLANG_WARN_INT_CONVERSION = YES;
				CLANG_WARN_NON_LITERAL_NULL_CONVERSION = YES;
				CLANG_WARN_OBJC_LITERAL_CONVERSION = YES;
				CLANG_WARN_OBJC_ROOT_CLASS = YES_ERROR;
				CLANG_WARN_RANGE_LOOP_ANALYSIS = YES;
				CLANG_WARN_STRICT_PROTOTYPES = YES;
				CLANG_WARN_SUSPICIOUS_MOVE = YES;
				CLANG_WARN_UNREACHABLE_CODE = YES;
				CLANG_WARN__DUPLICATE_METHOD_MATCH = YES;
				"CODE_SIGN_IDENTITY[sdk=iphoneos*]" = "iPhone Developer";
				COPY_PHASE_STRIP = NO;
				DEBUG_INFORMATION_FORMAT = dwarf;
				ENABLE_STRICT_OBJC_MSGSEND = YES;
				ENABLE_TESTABILITY = YES;
				GCC_C_LANGUAGE_STANDARD = gnu99;
				GCC_DYNAMIC_NO_PIC = NO;
				GCC_NO_COMMON_BLOCKS = YES;
				GCC_OPTIMIZATION_LEVEL = 0;
				GCC_PREPROCESSOR_DEFINITIONS = (
					"DEBUG=1",
					"$(inherited)",
				);
				GCC_WARN_64_TO_32_BIT_CONVERSION = YES;
				GCC_WARN_ABOUT_RETURN_TYPE = YES_ERROR;
				GCC_WARN_UNDECLARED_SELECTOR = YES;
				GCC_WARN_UNINITIALIZED_AUTOS = YES_AGGRESSIVE;
				GCC_WARN_UNUSED_FUNCTION = YES;
				GCC_WARN_UNUSED_VARIABLE = YES;
				IPHONEOS_DEPLOYMENT_TARGET = 8.1;
				MTL_ENABLE_DEBUG_INFO = YES;
				ONLY_ACTIVE_ARCH = YES;
				SDKROOT = iphoneos;
				SWIFT_ACTIVE_COMPILATION_CONDITIONS = DEBUG;
				SWIFT_OPTIMIZATION_LEVEL = "-Onone";
			};
			name = Debug;
		};
		2313A3DA1ECC3ECF00298EB7 /* Release */ = {
			isa = XCBuildConfiguration;
			buildSettings = {
				ALWAYS_SEARCH_USER_PATHS = NO;
				CLANG_ANALYZER_NONNULL = YES;
				CLANG_ANALYZER_NUMBER_OBJECT_CONVERSION = YES_AGGRESSIVE;
				CLANG_CXX_LANGUAGE_STANDARD = "gnu++0x";
				CLANG_CXX_LIBRARY = "libc++";
				CLANG_ENABLE_MODULES = YES;
				CLANG_ENABLE_OBJC_ARC = YES;
				CLANG_WARN_BLOCK_CAPTURE_AUTORELEASING = YES;
				CLANG_WARN_BOOL_CONVERSION = YES;
				CLANG_WARN_COMMA = YES;
				CLANG_WARN_CONSTANT_CONVERSION = YES;
				CLANG_WARN_DIRECT_OBJC_ISA_USAGE = YES_ERROR;
				CLANG_WARN_DOCUMENTATION_COMMENTS = YES;
				CLANG_WARN_EMPTY_BODY = YES;
				CLANG_WARN_ENUM_CONVERSION = YES;
				CLANG_WARN_INFINITE_RECURSION = YES;
				CLANG_WARN_INT_CONVERSION = YES;
				CLANG_WARN_NON_LITERAL_NULL_CONVERSION = YES;
				CLANG_WARN_OBJC_LITERAL_CONVERSION = YES;
				CLANG_WARN_OBJC_ROOT_CLASS = YES_ERROR;
				CLANG_WARN_RANGE_LOOP_ANALYSIS = YES;
				CLANG_WARN_STRICT_PROTOTYPES = YES;
				CLANG_WARN_SUSPICIOUS_MOVE = YES;
				CLANG_WARN_UNREACHABLE_CODE = YES;
				CLANG_WARN__DUPLICATE_METHOD_MATCH = YES;
				"CODE_SIGN_IDENTITY[sdk=iphoneos*]" = "iPhone Developer";
				COPY_PHASE_STRIP = NO;
				DEBUG_INFORMATION_FORMAT = "dwarf-with-dsym";
				ENABLE_NS_ASSERTIONS = NO;
				ENABLE_STRICT_OBJC_MSGSEND = YES;
				GCC_C_LANGUAGE_STANDARD = gnu99;
				GCC_NO_COMMON_BLOCKS = YES;
				GCC_WARN_64_TO_32_BIT_CONVERSION = YES;
				GCC_WARN_ABOUT_RETURN_TYPE = YES_ERROR;
				GCC_WARN_UNDECLARED_SELECTOR = YES;
				GCC_WARN_UNINITIALIZED_AUTOS = YES_AGGRESSIVE;
				GCC_WARN_UNUSED_FUNCTION = YES;
				GCC_WARN_UNUSED_VARIABLE = YES;
				IPHONEOS_DEPLOYMENT_TARGET = 8.1;
				MTL_ENABLE_DEBUG_INFO = NO;
				SDKROOT = iphoneos;
				SWIFT_OPTIMIZATION_LEVEL = "-Owholemodule";
				VALIDATE_PRODUCT = YES;
			};
			name = Release;
		};
		2313A3DC1ECC3ECF00298EB7 /* Debug */ = {
			isa = XCBuildConfiguration;
			baseConfigurationReference = E7727CA7C9FBDCDFC41D521F /* Pods-pandaMaMa.debug.xcconfig */;
			buildSettings = {
				ASSETCATALOG_COMPILER_APPICON_NAME = AppIcon;
				ASSETCATALOG_COMPILER_LAUNCHIMAGE_NAME = LaunchImage;
				CLANG_ENABLE_MODULES = YES;
				DEVELOPMENT_TEAM = GCH427SJ2F;
				FRAMEWORK_SEARCH_PATHS = (
					"$(inherited)",
					"$(PROJECT_DIR)/Pods/AMapLocation-NO-IDFA",
				);
				INFOPLIST_FILE = pandaMaMa/Info.plist;
				IPHONEOS_DEPLOYMENT_TARGET = 8.1;
				LD_RUNPATH_SEARCH_PATHS = "$(inherited) @executable_path/Frameworks";
				PRODUCT_BUNDLE_IDENTIFIER = com.pandamama.pandaMaMa;
				PRODUCT_NAME = "$(TARGET_NAME)";
				SWIFT_OBJC_BRIDGING_HEADER = "pandaMaMa/Src/Constant/pandaMaMa-Bridging-Header.h";
				SWIFT_OPTIMIZATION_LEVEL = "-Onone";
				SWIFT_VERSION = 3.0;
			};
			name = Debug;
		};
		2313A3DD1ECC3ECF00298EB7 /* Release */ = {
			isa = XCBuildConfiguration;
			baseConfigurationReference = 79DA71337225986402D865BE /* Pods-pandaMaMa.release.xcconfig */;
			buildSettings = {
				ASSETCATALOG_COMPILER_APPICON_NAME = AppIcon;
				ASSETCATALOG_COMPILER_LAUNCHIMAGE_NAME = LaunchImage;
				CLANG_ENABLE_MODULES = YES;
				DEVELOPMENT_TEAM = GCH427SJ2F;
				FRAMEWORK_SEARCH_PATHS = (
					"$(inherited)",
					"$(PROJECT_DIR)/Pods/AMapLocation-NO-IDFA",
				);
				INFOPLIST_FILE = pandaMaMa/Info.plist;
				IPHONEOS_DEPLOYMENT_TARGET = 8.1;
				LD_RUNPATH_SEARCH_PATHS = "$(inherited) @executable_path/Frameworks";
				PRODUCT_BUNDLE_IDENTIFIER = com.pandamama.pandaMaMa;
				PRODUCT_NAME = "$(TARGET_NAME)";
				SWIFT_OBJC_BRIDGING_HEADER = "pandaMaMa/Src/Constant/pandaMaMa-Bridging-Header.h";
				SWIFT_VERSION = 3.0;
			};
			name = Release;
		};
/* End XCBuildConfiguration section */

/* Begin XCConfigurationList section */
		2313A3C41ECC3ECF00298EB7 /* Build configuration list for PBXProject "pandaMaMa" */ = {
			isa = XCConfigurationList;
			buildConfigurations = (
				2313A3D91ECC3ECF00298EB7 /* Debug */,
				2313A3DA1ECC3ECF00298EB7 /* Release */,
			);
			defaultConfigurationIsVisible = 0;
			defaultConfigurationName = Release;
		};
		2313A3DB1ECC3ECF00298EB7 /* Build configuration list for PBXNativeTarget "pandaMaMa" */ = {
			isa = XCConfigurationList;
			buildConfigurations = (
				2313A3DC1ECC3ECF00298EB7 /* Debug */,
				2313A3DD1ECC3ECF00298EB7 /* Release */,
			);
			defaultConfigurationIsVisible = 0;
			defaultConfigurationName = Release;
		};
/* End XCConfigurationList section */
	};
	rootObject = 2313A3C11ECC3ECF00298EB7 /* Project object */;
}
